
Microsoft Visual Studio Solution File, Format Version 12.00
# Visual Studio 2013
VisualStudioVersion = 12.0.40629.0
MinimumVisualStudioVersion = 10.0.40219.1
Project("{FAE04EC0-301F-11D3-BF4B-00C04F79EFBC}") = "Interface", "Interface\Interface.csproj", "{CE230851-292E-4759-B01F-7563859A3177}"
EndProject
Project("{FAE04EC0-301F-11D3-BF4B-00C04F79EFBC}") = "Presentation", "MatlabTestWindowsForm\Presentation.csproj", "{4CB427BE-E4D0-4F07-A7FC-3C8A326B6E4D}"
EndProject
Global
	GlobalSection(SolutionConfigurationPlatforms) = preSolution
		Debug|Any CPU = Debug|Any CPU
		Release|Any CPU = Release|Any CPU
	EndGlobalSection
	GlobalSection(ProjectConfigurationPlatforms) = postSolution
		{CE230851-292E-4759-B01F-7563859A3177}.Debug|Any CPU.ActiveCfg = Debug|Any CPU
		{CE230851-292E-4759-B01F-7563859A3177}.Debug|Any CPU.Build.0 = Debug|Any CPU
		{CE230851-292E-4759-B01F-7563859A3177}.Release|Any CPU.ActiveCfg = Release|Any CPU
		{CE230851-292E-4759-B01F-7563859A3177}.Release|Any CPU.Build.0 = Release|Any CPU
		{4CB427BE-E4D0-4F07-A7FC-3C8A326B6E4D}.Debug|Any CPU.ActiveCfg = Debug|Any CPU
		{4CB427BE-E4D0-4F07-A7FC-3C8A326B6E4D}.Debug|Any CPU.Build.0 = Debug|Any CPU
		{4CB427BE-E4D0-4F07-A7FC-3C8A326B6E4D}.Release|Any CPU.ActiveCfg = Release|Any CPU
		{4CB427BE-E4D0-4F07-A7FC-3C8A326B6E4D}.Release|Any CPU.Build.0 = Release|Any CPU
	EndGlobalSection
	GlobalSection(SolutionProperties) = preSolution
		HideSolutionNode = FALSE
	EndGlobalSection
EndGlobal
